{
    "_meta": {
        "hash": {
            "sha256": "e11983d1c1ee4214e7c162991d31e4f6d1c4a0b9f759d2fd55046da6478a7ff4"
        },
        "pipfile-spec": 6,
        "requires": {
            "python_version": "3.7"
        },
        "sources": [
            {
                "name": "pypi",
                "url": "https://pypi.org/simple",
                "verify_ssl": true
            }
        ]
    },
    "default": {
        "certifi": {
            "hashes": [
                "sha256:2bbf76fd432960138b3ef6dda3dde0544f27cbf8546c458e60baf371917ba9ee",
                "sha256:50b1e4f8446b06f41be7dd6338db18e0990601dce795c2b1686458aa7e8fa7d8"
            ],
            "version": "==2021.5.30"
        },
        "chardet": {
            "hashes": [
                "sha256:0d6f53a15db4120f2b08c94f11e7d93d2c911ee118b6b30a04ec3ee8310179fa",
                "sha256:f864054d66fd9118f2e67044ac8981a54775ec5b67aed0441892edb553d21da5"
            ],
            "markers": "python_version >= '2.7' and python_version not in '3.0, 3.1, 3.2, 3.3, 3.4'",
            "version": "==4.0.0"
        },
        "docutils": {
            "hashes": [
                "sha256:686577d2e4c32380bb50cbb22f575ed742d58168cee37e99117a854bcd88f125",
                "sha256:cf316c8370a737a022b72b56874f6602acf974a37a9fba42ec2876387549fc61"
            ],
            "markers": "python_version >= '2.7' and python_version not in '3.0, 3.1, 3.2, 3.3, 3.4'",
            "version": "==0.17.1"
        },
        "et-xmlfile": {
            "hashes": [
                "sha256:8eb9e2bc2f8c97e37a2dc85a09ecdcdec9d8a396530a6d5a33b30b9a92da0c5c",
                "sha256:a2ba85d1d6a74ef63837eed693bcb89c3f752169b0e3e7ae5b16ca5e1b3deada"
            ],
            "markers": "python_version >= '3.6'",
            "version": "==1.1.0"
        },
        "idna": {
            "hashes": [
                "sha256:b307872f855b18632ce0c21c5e45be78c0ea7ae4c15c828c20788b26921eb3f6",
                "sha256:b97d804b1e9b523befed77c48dacec60e6dcb0b5391d57af6a65a312a90648c0"
            ],
            "markers": "python_version >= '2.7' and python_version not in '3.0, 3.1, 3.2, 3.3'",
            "version": "==2.10"
        },
        "kivy": {
            "extras": [
                "all"
            ],
            "hashes": [
                "sha256:23a7538f9c02e5d7f82f0b92d7fd313fa21ee8f0bd9890283fc7e7b02090f101",
                "sha256:256846daa1a35b54b00426f7468423a962c3d8f909d7e8c713acab55c3281dee",
                "sha256:3e739c04d3a2f38cb76779d721487131cff8ed84dbc1730d5025d62306bf6e52",
                "sha256:5bd7dba6b0bc1f71623fa734fd63e38038772336995a334718cf8474a877eb40",
                "sha256:7d736474c8075d6ee17203bd5bd42d74307239409442b27d5bcb3f3641ab0414",
                "sha256:802982bbc7ff45bc2fa8af3816008252a3e63ded949a9f5ed6d361ecb3cfc2b7",
                "sha256:86cf1f0e40ef411872c9dbc75fc1e17ec6579d1e55cafe286da6c67c07dba4cb",
                "sha256:8973ed9f0cb0d9ef0f3a520841c61c0093788a7382e8ebe7c108ec03766d9fef",
                "sha256:98ed5f46f05707a80e32a4fdd7e9fce4ac5f15da8fc83f91d5769dc66f137e20",
                "sha256:a4a693d6d1fc26928498512b9da797581e407543a644b4e0c92b9297ea2fbec9",
                "sha256:aae542f2c030d4d95f5a717b7c862cd9537b74b99010b08807db63fdd9b029e0",
                "sha256:bfb6b801599eac5aa9388308119d42a637a495945c79e2e2a3f6ef60c563c770",
                "sha256:d25e44eb44e43762b2fd0c5874e51954e0f1181fd9800d8a6756be6d084812d8",
                "sha256:eb1cc4c1e223e290d413a383ac864d29d098b8abba8e881159c7d1177c6579af",
                "sha256:eca7bde37a2cffffdcdde85ac385c2e55d776333db00be0497bf884f61022d24",
                "sha256:ed1c3076d9ef1171f6076b3b97215e5c0bcea831ca308722677611a551f16b1b",
                "sha256:ef3727a47a565e6ea486365ee310bfb0445fcf7f0ab40c1461cbf304973637eb"
            ],
            "index": "pypi",
            "version": "==2.0.0"
        },
        "kivy-deps.angle": {
            "hashes": [
                "sha256:50605fdd4c9fdbe9f717069734a598a9aba0afe5d3f0412afbe2ecff0326e92d",
                "sha256:64ac7f33c000585dc30194e604aed925972c6b7c3848b5c3b073ae916fb0b55c",
                "sha256:99c40d53582a958748e251dfbd61aa67fb85963e27529ca08a21f2f5eeed04e1",
                "sha256:a2cea09e8a5e899629466403fbd540459f1cdef8d08c6c479b6607b95309be02",
                "sha256:b167e19b3eea55a9a8c606a607bb909ec1bedda88deee40347c780b310155a79",
                "sha256:b9d07976b0bf6bac724a42aa8ed5a8c7caa95609046db30c8f15bb731f8e4d36",
                "sha256:bb4d53f15a093214adbbe205c108ede5cc0f6af6eff104c1b8c468ddaaf6400a",
                "sha256:d0e7b7b9eb9669837a5d70808a7ea45f2b61961b56f9f69a233bad6bd36ce260"
            ],
            "markers": "sys_platform == 'win32'",
            "version": "==0.3.0"
        },
        "kivy-deps.glew": {
            "hashes": [
                "sha256:28aa195875a767314b12091842bdcf832401077f9e65dd9975059ddb978f2f75",
                "sha256:3e6f3376ea65b3ced19f07c63f831aa8d3028fac6970d01b400b031fbb8bbe4d",
                "sha256:4166c62999ed8a68036540bf154e25cc92ec1563fe78111926238f59b44a9af3",
                "sha256:5a63e3dd0affef2613410fe5b9b8572f1932ae2285db60071446d62f37961825",
                "sha256:6c941f321fa8fd34083054f74b9a810bc2a1f3e2560e4fa3df31995c9971f94a",
                "sha256:a57fece21c313c90c0f51a0c2b3e172a2f807bee867e0e5fad1cc014213a3543",
                "sha256:a79cc62489b1fc8dbe62aab7482865c670e1e781ec9b3f0d93f5bc87423af435",
                "sha256:f836e249970b2e1fc0a0d1bd3716892165ee5180214c071c0f804a934c363396"
            ],
            "markers": "sys_platform == 'win32'",
            "version": "==0.3.0"
        },
        "kivy-deps.sdl2": {
            "hashes": [
                "sha256:3e37948c010681e3f58c408940e62106226a2b1e5a2bf7764469cfd683025698",
                "sha256:4a5550410e2649b72984d294fb45564bc8d76fc0bef009406d8cb328d994855c",
                "sha256:50726d6aeba460be1a9bd944ff0e763e58e122ef04b82ccbd03947ae7585cde4",
                "sha256:549e6423f55216bc761a11ec91508eb6fe836ffb984c7a3c7a58b7543d8f8f77",
                "sha256:560de04f15f59e8e94955442b72d1a1164989d3d502b5a9d132437a4c229e52f",
                "sha256:984e7fa9e1fe06fd902bb745e986300b65e00ba0eb4ecfe278f52a1915370cd0",
                "sha256:a7cee2215eb428b0be34c1da0fad806036b1382804c0e4ef62b19b11320c8462",
                "sha256:e9ad50f2f469c8bd92720f547ab722cc36ef13c1a25ef78154b6ab90d48bd960"
            ],
            "markers": "sys_platform == 'win32'",
            "version": "==0.3.1"
        },
        "kivy-garden": {
            "hashes": [
                "sha256:9b7d9de5efacbcd0c4b3dd873b30622a86093c9965aa47b523c7a32f3eb34610",
                "sha256:c256f42788421273a08fbb0a228f0fb0e80dd86b629fb8c0920507f645be6c72"
            ],
            "version": "==0.1.4"
        },
        "kivymd": {
            "hashes": [
                "sha256:97bc1f9442d25ff9dbd617d5ca74d53e757b92c68636a388e22d3f05a4f19c12",
                "sha256:c1fbbdaa31b62fa925abac1cadadfdf178a15f1adc3f2e2452e1496a91eab8e1"
            ],
            "index": "pypi",
            "version": "==0.104.2"
        },
        "numpy": {
            "hashes": [
                "sha256:1a784e8ff7ea2a32e393cc53eb0003eca1597c7ca628227e34ce34eb11645a0e",
                "sha256:2ba579dde0563f47021dcd652253103d6fd66165b18011dce1a0609215b2791e",
                "sha256:3537b967b350ad17633b35c2f4b1a1bbd258c018910b518c30b48c8e41272717",
                "sha256:3c40e6b860220ed862e8097b8f81c9af6d7405b723f4a7af24a267b46f90e461",
                "sha256:598fe100b2948465cf3ed64b1a326424b5e4be2670552066e17dfaa67246011d",
                "sha256:620732f42259eb2c4642761bd324462a01cdd13dd111740ce3d344992dd8492f",
                "sha256:709884863def34d72b183d074d8ba5cfe042bc3ff8898f1ffad0209161caaa99",
                "sha256:75579acbadbf74e3afd1153da6177f846212ea2a0cc77de53523ae02c9256513",
                "sha256:7c55407f739f0bfcec67d0df49103f9333edc870061358ac8a8c9e37ea02fcd2",
                "sha256:a1f2fb2da242568af0271455b89aee0f71e4e032086ee2b4c5098945d0e11cf6",
                "sha256:a290989cd671cd0605e9c91a70e6df660f73ae87484218e8285c6522d29f6e38",
                "sha256:ac4fd578322842dbda8d968e3962e9f22e862b6ec6e3378e7415625915e2da4d",
                "sha256:ad09f55cc95ed8d80d8ab2052f78cc21cb231764de73e229140d81ff49d8145e",
                "sha256:b9205711e5440954f861ceeea8f1b415d7dd15214add2e878b4d1cf2bcb1a914",
                "sha256:bba474a87496d96e61461f7306fba2ebba127bed7836212c360f144d1e72ac54",
                "sha256:bebab3eaf0641bba26039fb0b2c5bf9b99407924b53b1ea86e03c32c64ef5aef",
                "sha256:cc367c86eb87e5b7c9592935620f22d13b090c609f1b27e49600cd033b529f54",
                "sha256:ccc6c650f8700ce1e3a77668bb7c43e45c20ac06ae00d22bdf6760b38958c883",
                "sha256:cf680682ad0a3bef56dae200dbcbac2d57294a73e5b0f9864955e7dd7c2c2491",
                "sha256:d2910d0a075caed95de1a605df00ee03b599de5419d0b95d55342e9a33ad1fb3",
                "sha256:d5caa946a9f55511e76446e170bdad1d12d6b54e17a2afe7b189112ed4412bb8",
                "sha256:d89b0dc7f005090e32bb4f9bf796e1dcca6b52243caf1803fdd2b748d8561f63",
                "sha256:d95d16204cd51ff1a1c8d5f9958ce90ae190be81d348b514f9be39f878b8044a",
                "sha256:e4d5a86a5257843a18fb1220c5f1c199532bc5d24e849ed4b0289fb59fbd4d8f",
                "sha256:e58ddb53a7b4959932f5582ac455ff90dcb05fac3f8dcc8079498d43afbbde6c",
                "sha256:e80fe25cba41c124d04c662f33f6364909b985f2eb5998aaa5ae4b9587242cce",
                "sha256:eda2829af498946c59d8585a9fd74da3f810866e05f8df03a86f70079c7531dd",
                "sha256:fd0a359c1c17f00cb37de2969984a74320970e0ceef4808c32e00773b06649d9"
            ],
            "markers": "python_version >= '3.7'",
            "version": "==1.21.0"
        },
        "openpyxl": {
            "hashes": [
                "sha256:46af4eaf201a89b610fcca177eed957635f88770a5462fb6aae4a2a52b0ff516",
                "sha256:6456a3b472e1ef0facb1129f3c6ef00713cebf62e736cd7a75bcc3247432f251"
            ],
            "index": "pypi",
            "version": "==3.0.7"
        },
        "pandas": {
            "hashes": [
                "sha256:08eeff3da6a188e24db7f292b39a8ca9e073bf841fbbeadb946b3ad5c19d843e",
                "sha256:1ff13eed501e07e7fb26a4ea18a846b6e5d7de549b497025601fd9ccb7c1d123",
                "sha256:522bfea92f3ef6207cadc7428bda1e7605dae0383b8065030e7b5d0266717b48",
                "sha256:7897326cae660eee69d501cbfa950281a193fcf407393965e1bc07448e1cc35a",
                "sha256:798675317d0e4863a92a9a6bc5bd2490b5f6fef8c17b95f29e2e33f28bef9eca",
                "sha256:7d3cd2c99faa94d717ca00ea489264a291ad7209453dffbf059bfb7971fd3a61",
                "sha256:823737830364d0e2af8c3912a28ba971296181a07950873492ed94e12d28c405",
                "sha256:872aa91e0f9ca913046ab639d4181a899f5e592030d954d28c2529b88756a736",
                "sha256:88864c1e28353b958b1f30e4193818519624ad9a1776921622a6a2a016d5d807",
                "sha256:92835113a67cbd34747c198d41f09f4b63f6fe11ca5643baebc7ab1e30e89e95",
                "sha256:98efc2d4983d5bb47662fe2d97b2c81b91566cb08b266490918b9c7d74a5ef64",
                "sha256:b10d7910ae9d7920a5ff7816d794d99acbc361f7b16a0f017d4fa83ced8cb55e",
                "sha256:c554e6c9cf2d5ea1aba5979cc837b3649539ced0e18ece186f055450c86622e2",
                "sha256:c746876cdd8380be0c3e70966d4566855901ac9aaa5e4b9ccaa5ca5311457d11",
                "sha256:c81b8d91e9ae861eb4406b4e0f8d4dabbc105b9c479b3d1e921fba1d35b5b62a",
                "sha256:e6b75091fa54a53db3927b4d1bc997c23c5ba6f87acdfe1ee5a92c38c6b2ed6a",
                "sha256:ed4fc66f23fe17c93a5d439230ca2d6b5f8eac7154198d327dbe8a16d98f3f10",
                "sha256:f058c786e7b0a9e7fa5e0b9f4422e0ccdd3bf3aa3053c18d77ed2a459bd9a45a",
                "sha256:fe7a549d10ca534797095586883a5c17d140d606747591258869c56e14d1b457"
            ],
            "index": "pypi",
            "version": "==1.3.0"
        },
        "pillow": {
            "hashes": [
                "sha256:0b2efa07f69dc395d95bb9ef3299f4ca29bcb2157dc615bae0b42c3c20668ffc",
                "sha256:114f816e4f73f9ec06997b2fde81a92cbf0777c9e8f462005550eed6bae57e63",
                "sha256:147bd9e71fb9dcf08357b4d530b5167941e222a6fd21f869c7911bac40b9994d",
                "sha256:15a2808e269a1cf2131930183dcc0419bc77bb73eb54285dde2706ac9939fa8e",
                "sha256:196560dba4da7a72c5e7085fccc5938ab4075fd37fe8b5468869724109812edd",
                "sha256:1c03e24be975e2afe70dfc5da6f187eea0b49a68bb2b69db0f30a61b7031cee4",
                "sha256:1fd5066cd343b5db88c048d971994e56b296868766e461b82fa4e22498f34d77",
                "sha256:29c9569049d04aaacd690573a0398dbd8e0bf0255684fee512b413c2142ab723",
                "sha256:2b6dfa068a8b6137da34a4936f5a816aba0ecc967af2feeb32c4393ddd671cba",
                "sha256:2cac53839bfc5cece8fdbe7f084d5e3ee61e1303cccc86511d351adcb9e2c792",
                "sha256:2ee77c14a0299d0541d26f3d8500bb57e081233e3fa915fa35abd02c51fa7fae",
                "sha256:37730f6e68bdc6a3f02d2079c34c532330d206429f3cee651aab6b66839a9f0e",
                "sha256:3f08bd8d785204149b5b33e3b5f0ebbfe2190ea58d1a051c578e29e39bfd2367",
                "sha256:4bc3c7ef940eeb200ca65bd83005eb3aae8083d47e8fcbf5f0943baa50726856",
                "sha256:660a87085925c61a0dcc80efb967512ac34dbb256ff7dd2b9b4ee8dbdab58cf4",
                "sha256:67b3666b544b953a2777cb3f5a922e991be73ab32635666ee72e05876b8a92de",
                "sha256:70af7d222df0ff81a2da601fab42decb009dc721545ed78549cb96e3a1c5f0c8",
                "sha256:8960a8a9f4598974e4c2aeb1bff9bdd5db03ee65fd1fce8adf3223721aa2a636",
                "sha256:9364c81b252d8348e9cc0cb63e856b8f7c1b340caba6ee7a7a65c968312f7dab",
                "sha256:969cc558cca859cadf24f890fc009e1bce7d7d0386ba7c0478641a60199adf79",
                "sha256:9a211b663cf2314edbdb4cf897beeb5c9ee3810d1d53f0e423f06d6ebbf9cd5d",
                "sha256:a17ca41f45cf78c2216ebfab03add7cc350c305c38ff34ef4eef66b7d76c5229",
                "sha256:a2f381932dca2cf775811a008aa3027671ace723b7a38838045b1aee8669fdcf",
                "sha256:a4eef1ff2d62676deabf076f963eda4da34b51bc0517c70239fafed1d5b51500",
                "sha256:c088a000dfdd88c184cc7271bfac8c5b82d9efa8637cd2b68183771e3cf56f04",
                "sha256:c11003197f908878164f0e6da15fce22373ac3fc320cda8c9d16e6bba105b844",
                "sha256:c2a5ff58751670292b406b9f06e07ed1446a4b13ffced6b6cab75b857485cbc8",
                "sha256:c35d09db702f4185ba22bb33ef1751ad49c266534339a5cebeb5159d364f6f82",
                "sha256:c379425c2707078dfb6bfad2430728831d399dc95a7deeb92015eb4c92345eaf",
                "sha256:cc866706d56bd3a7dbf8bac8660c6f6462f2f2b8a49add2ba617bc0c54473d83",
                "sha256:d0da39795049a9afcaadec532e7b669b5ebbb2a9134576ebcc15dd5bdae33cc0",
                "sha256:f4ebde71785f8bceb39dcd1e7f06bcc5d5c3cf48b9f69ab52636309387b097c8",
                "sha256:fc214a6b75d2e0ea7745488da7da3c381f41790812988c7a92345978414fad37",
                "sha256:ff04c373477723430dce2e9d024c708a047d44cf17166bf16e604b379bf0ca14"
            ],
            "markers": "python_version >= '3.6'",
            "version": "==8.3.1"
        },
        "pygments": {
            "hashes": [
                "sha256:a18f47b506a429f6f4b9df81bb02beab9ca21d0a5fee38ed15aef65f0545519f",
                "sha256:d66e804411278594d764fc69ec36ec13d9ae9147193a1740cd34d272ca383b8e"
            ],
            "markers": "python_version >= '3.5'",
            "version": "==2.9.0"
        },
        "pypiwin32": {
            "hashes": [
                "sha256:67adf399debc1d5d14dffc1ab5acacb800da569754fafdc576b2a039485aa775",
                "sha256:71be40c1fbd28594214ecaecb58e7aa8b708eabfa0125c8a109ebd51edbd776a"
            ],
            "markers": "sys_platform == 'win32'",
            "version": "==223"
        },
        "python-dateutil": {
            "hashes": [
                "sha256:73ebfe9dbf22e832286dafa60473e4cd239f8592f699aa5adaf10050e6e1823c",
                "sha256:75bb3f31ea686f1197762692a9ee6a7550b59fc6ca3a1f4b5d7e32fb98e2da2a"
            ],
            "markers": "python_version >= '2.7' and python_version not in '3.0, 3.1, 3.2, 3.3'",
            "version": "==2.8.1"
        },
        "pytz": {
            "hashes": [
                "sha256:83a4a90894bf38e243cf052c8b58f381bfe9a7a483f6a9cab140bc7f702ac4da",
                "sha256:eb10ce3e7736052ed3623d49975ce333bcd712c7bb19a58b9e2089d4057d0798"
            ],
            "version": "==2021.1"
        },
        "pywin32": {
            "hashes": [
                "sha256:595d397df65f1b2e0beaca63a883ae6d8b6df1cdea85c16ae85f6d2e648133fe",
                "sha256:87604a4087434cd814ad8973bd47d6524bd1fa9e971ce428e76b62a5e0860fdf",
                "sha256:88981dd3cfb07432625b180f49bf4e179fb8cbb5704cd512e38dd63636af7a17",
                "sha256:8c9d33968aa7fcddf44e47750e18f3d034c3e443a707688a008a2e52bbef7e96",
                "sha256:93367c96e3a76dfe5003d8291ae16454ca7d84bb24d721e0b74a07610b7be4a7",
                "sha256:9635df6998a70282bd36e7ac2a5cef9ead1627b0a63b17c731312c7a0daebb72",
                "sha256:98f62a3f60aa64894a290fb7494bfa0bfa0a199e9e052e1ac293b2ad3cd2818b",
                "sha256:c866f04a182a8cb9b7855de065113bbd2e40524f570db73ef1ee99ff0a5cc2f0",
                "sha256:dafa18e95bf2a92f298fe9c582b0e205aca45c55f989937c52c454ce65b93c78",
                "sha256:fb3b4933e0382ba49305cc6cd3fb18525df7fd96aa434de19ce0878133bf8e4a"
            ],
            "version": "==301"
        },
        "pyyaml": {
            "hashes": [
                "sha256:08682f6b72c722394747bddaf0aa62277e02557c0fd1c42cb853016a38f8dedf",
                "sha256:0f5f5786c0e09baddcd8b4b45f20a7b5d61a7e7e99846e3c799b05c7c53fa696",
                "sha256:129def1b7c1bf22faffd67b8f3724645203b79d8f4cc81f674654d9902cb4393",
                "sha256:294db365efa064d00b8d1ef65d8ea2c3426ac366c0c4368d930bf1c5fb497f77",
                "sha256:3b2b1824fe7112845700f815ff6a489360226a5609b96ec2190a45e62a9fc922",
                "sha256:3bd0e463264cf257d1ffd2e40223b197271046d09dadf73a0fe82b9c1fc385a5",
                "sha256:4465124ef1b18d9ace298060f4eccc64b0850899ac4ac53294547536533800c8",
                "sha256:49d4cdd9065b9b6e206d0595fee27a96b5dd22618e7520c33204a4a3239d5b10",
                "sha256:4e0583d24c881e14342eaf4ec5fbc97f934b999a6828693a99157fde912540cc",
                "sha256:5accb17103e43963b80e6f837831f38d314a0495500067cb25afab2e8d7a4018",
                "sha256:607774cbba28732bfa802b54baa7484215f530991055bb562efbed5b2f20a45e",
                "sha256:6c78645d400265a062508ae399b60b8c167bf003db364ecb26dcab2bda048253",
                "sha256:72a01f726a9c7851ca9bfad6fd09ca4e090a023c00945ea05ba1638c09dc3347",
                "sha256:74c1485f7707cf707a7aef42ef6322b8f97921bd89be2ab6317fd782c2d53183",
                "sha256:895f61ef02e8fed38159bb70f7e100e00f471eae2bc838cd0f4ebb21e28f8541",
                "sha256:8c1be557ee92a20f184922c7b6424e8ab6691788e6d86137c5d93c1a6ec1b8fb",
                "sha256:bb4191dfc9306777bc594117aee052446b3fa88737cd13b7188d0e7aa8162185",
                "sha256:bfb51918d4ff3d77c1c856a9699f8492c612cde32fd3bcd344af9be34999bfdc",
                "sha256:c20cfa2d49991c8b4147af39859b167664f2ad4561704ee74c1de03318e898db",
                "sha256:cb333c16912324fd5f769fff6bc5de372e9e7a202247b48870bc251ed40239aa",
                "sha256:d2d9808ea7b4af864f35ea216be506ecec180628aced0704e34aca0b040ffe46",
                "sha256:d483ad4e639292c90170eb6f7783ad19490e7a8defb3e46f97dfe4bacae89122",
                "sha256:dd5de0646207f053eb0d6c74ae45ba98c3395a571a2891858e87df7c9b9bd51b",
                "sha256:e1d4970ea66be07ae37a3c2e48b5ec63f7ba6804bdddfdbd3cfd954d25a82e63",
                "sha256:e4fac90784481d221a8e4b1162afa7c47ed953be40d31ab4629ae917510051df",
                "sha256:fa5ae20527d8e831e8230cbffd9f8fe952815b2b7dae6ffec25318803a7528fc",
                "sha256:fd7f6999a8070df521b6384004ef42833b9bd62cfee11a09bda1079b4b704247",
                "sha256:fdc842473cd33f45ff6bce46aea678a54e3d21f1b61a7750ce3c498eedfe25d6",
                "sha256:fe69978f3f768926cfa37b867e3843918e012cf83f680806599ddce33c2c68b0"
            ],
            "index": "pypi",
            "version": "==5.4.1"
        },
        "requests": {
            "hashes": [
                "sha256:27973dd4a904a4f13b263a19c866c13b92a39ed1c964655f025f3f8d3d75b804",
                "sha256:c210084e36a42ae6b9219e00e48287def368a26d03a048ddad7bfee44f75871e"
            ],
            "markers": "python_version >= '2.7' and python_version not in '3.0, 3.1, 3.2, 3.3, 3.4'",
            "version": "==2.25.1"
        },
        "requests-toolbelt": {
            "hashes": [
                "sha256:380606e1d10dc85c3bd47bf5a6095f815ec007be7a8b69c878507068df059e6f",
                "sha256:968089d4584ad4ad7c171454f0a5c6dac23971e9472521ea3b6d49d610aa6fc0"
            ],
            "index": "pypi",
            "version": "==0.9.1"
        },
        "six": {
            "hashes": [
                "sha256:1e61c37477a1626458e36f7b1d82aa5c9b094fa4802892072e49de9c60c4c926",
                "sha256:8abb2f1d86890a2dfb989f9a77cfcfd3e47c2a354b01111771326f8aa26e0254"
            ],
            "markers": "python_version >= '2.7' and python_version not in '3.0, 3.1, 3.2, 3.3'",
            "version": "==1.16.0"
        },
        "urllib3": {
            "hashes": [
                "sha256:39fb8672126159acb139a7718dd10806104dec1e2f0f6c88aab05d17df10c8d4",
                "sha256:f57b4c16c62fa2760b7e3d97c35b255512fb6b59a259730f36ba32ce9f8e342f"
            ],
            "markers": "python_version >= '2.7' and python_version not in '3.0, 3.1, 3.2, 3.3, 3.4' and python_version < '4'",
            "version": "==1.26.6"
        }
    },
    "develop": {
        "altgraph": {
            "hashes": [
                "sha256:1f05a47122542f97028caf78775a095fbe6a2699b5089de8477eb583167d69aa",
                "sha256:c623e5f3408ca61d4016f23a681b9adb100802ca3e3da5e718915a9e4052cebe"
            ],
            "version": "==0.17"
        },
        "future": {
            "hashes": [
                "sha256:b1bead90b70cf6ec3f0710ae53a525360fa360d306a86583adc6bf83a4db537d"
            ],
            "markers": "python_version >= '2.6' and python_version not in '3.0, 3.1, 3.2, 3.3'",
            "version": "==0.18.2"
        },
        "pefile": {
            "hashes": [
                "sha256:ed79b2353daa58421459abf4d685953bde0adf9f6e188944f97ba9795f100246"
            ],
            "markers": "sys_platform == 'win32'",
            "version": "==2021.5.24"
        },
        "pyinstaller": {
            "hashes": [
                "sha256:5ecf8bbc230d7298a796e52bb745b95eee12878d141f1645612c99246ecd23f2"
            ],
            "index": "pypi",
            "version": "==4.3"
        },
        "pyinstaller-hooks-contrib": {
            "hashes": [
                "sha256:57964f93eb69255c49159ffdf052aae893feed223b0f69773dfd010ca6c569d9",
                "sha256:7f5d0689b30da3092149fc536a835a94045ac8c9f0e6dfb23ac171890f5ea8f2"
            ],
            "version": "==2021.2"
        },
        "pywin32-ctypes": {
            "hashes": [
                "sha256:24ffc3b341d457d48e8922352130cf2644024a4ff09762a2261fd34c36ee5942",
                "sha256:9dc2d991b3479cc2df15930958b674a48a227d5361d413827a4cfd0b5876fc98"
            ],
            "markers": "sys_platform == 'win32'",
            "version": "==0.2.0"
        }
    }
}
